{
  "version": 4,
  "terraform_version": "0.12.9",
  "serial": 19,
  "lineage": "6e203437-3906-7a3c-acfc-a1b7c6f6d3be",
  "outputs": {
    "config_map_aws_auth": {
      "value": "\n\napiVersion: v1\nkind: ConfigMap\nmetadata:\n  name: aws-auth\n  namespace: kube-system\ndata:\n  mapRoles: |\n    - rolearn: arn:aws:iam::384842694817:role/terraform-eks-demo-node\n      username: system:node:{{EC2PrivateDNSName}}\n      groups:\n        - system:bootstrappers\n        - system:nodes\n",
      "type": "string"
    },
    "kubeconfig": {
      "value": "\n\napiVersion: v1\nclusters:\n- cluster:\n    server: https://CC567AC76DEB689C40D3D8E025BF16B1.yl4.us-west-2.eks.amazonaws.com\n    certificate-authority-data: LS0tLS1CRUdJTiBDRVJUSUZJQ0FURS0tLS0tCk1JSUN5RENDQWJDZ0F3SUJBZ0lCQURBTkJna3Foa2lHOXcwQkFRc0ZBREFWTVJNd0VRWURWUVFERXdwcmRXSmwKY201bGRHVnpNQjRYRFRFNU1USXhNVEUwTVRFME9Gb1hEVEk1TVRJd09ERTBNVEUwT0Zvd0ZURVRNQkVHQTFVRQpBeE1LYTNWaVpYSnVaWFJsY3pDQ0FTSXdEUVlKS29aSWh2Y05BUUVCQlFBRGdnRVBBRENDQVFvQ2dnRUJBTUJyCmJRMnhla3kzRkQzS2lWV0llR1k2RVNhUDFSMjV3U2xDWXJuRUlLQUh4S3JVU3VxVnBwUThEUWVMVmNkaUp1Nm8KeFlBTWpTUmtNaUZyMFpsN0ZrMWZqeWtNd0VRMmJUbEJKOWl1RG5Hb0kxeWVXZkNYWFNHUjNpNzRjbUNvcmlQSQpWQVhXNm4xODBvK3RiRGR5NGxKZEVBY0x0ZWJIdUR1R1Y2MzN3QTh5ek9WaTVuUXZZUjNSQUV5bW1mbHFLZFc0CkpTNDcvVDQ0cGV1OG9QaXFTNUpkalRBb3hzVXhaSXlLT2I1SGlWWWViUEl4S0I5bG9DTE9RSHFQb0dSS3BYN3IKSDJleUMxVjRySUFObDdQWVZnVjZvWkFVdG5WbEpCbEtZR1ZkaUg1dFRCaEYrQ3hpK3QrQjF2SGlOMENoeEJJUgpHaTcwZWxldVprY1FzRUo2S1IwQ0F3RUFBYU1qTUNFd0RnWURWUjBQQVFIL0JBUURBZ0trTUE4R0ExVWRFd0VCCi93UUZNQU1CQWY4d0RRWUpLb1pJaHZjTkFRRUxCUUFEZ2dFQkFDZnlzR1o5L0hvTDF6WThMbzF4WDZHN1ZCWWkKbDBxNTEzaWY4RjRKY3V1MEJMdXU4UXVCR1FGOFd0LzhUaFE4MnBLRjNBdGxLODAwRmR4dFQ4eU5ld09xVE1ZTAovVkJ6VEpFSmFDa2NwUVN0K1VuMEtrdlE1SmZRcmtYSWhPQW1sM2UxN3RXbHVPU2JmVDlEZmxWY1BUZXVJQ0pMCnVNZWxETVdHMURBWTBSZ2FKOXNqSnZNM0w2eWRGMHZoWElaSDF4ZitWUUZ0RThBSG42TTltS0pNS2RRQXhPVFMKVVR1Uk80L1pXMWdNb1prZy9OSFhjT0dta0paREVjelhZR1VwdmNRb1UxSUtzaGpJQXpKNUM3SDdoTCtybzdpZAoyWmFyYlpDR0NYM1NRc2ZXTWdReDJzaWJCZmpmTXlEa1FPaUQrVHFMZ3hlNklwWHhJOGgxRWdYVHBBbz0KLS0tLS1FTkQgQ0VSVElGSUNBVEUtLS0tLQo=\n  name: kubernetes\ncontexts:\n- context:\n    cluster: kubernetes\n    user: aws\n  name: aws\ncurrent-context: aws\nkind: Config\npreferences: {}\nusers:\n- name: aws\n  user:\n    exec:\n      apiVersion: client.authentication.k8s.io/v1alpha1\n      command: aws-iam-authenticator\n      args:\n        - \"token\"\n        - \"-i\"\n        - \"terraform-eks-demo\"\n",
      "type": "string"
    }
  },
  "resources": [
    {
      "mode": "data",
      "type": "aws_availability_zones",
      "name": "available",
      "provider": "provider.aws",
      "instances": [
        {
          "schema_version": 0,
          "attributes": {
            "blacklisted_names": null,
            "blacklisted_zone_ids": null,
            "id": "2019-12-11 14:03:19.696922844 +0000 UTC",
            "names": [
              "us-west-2a",
              "us-west-2b",
              "us-west-2c",
              "us-west-2d"
            ],
            "state": null,
            "zone_ids": [
              "usw2-az1",
              "usw2-az2",
              "usw2-az3",
              "usw2-az4"
            ]
          }
        }
      ]
    },
    {
      "mode": "data",
      "type": "aws_region",
      "name": "current",
      "provider": "provider.aws",
      "instances": [
        {
          "schema_version": 0,
          "attributes": {
            "current": null,
            "description": "US West (Oregon)",
            "endpoint": "ec2.us-west-2.amazonaws.com",
            "id": "us-west-2",
            "name": "us-west-2"
          }
        }
      ]
    },
    {
      "mode": "data",
      "type": "http",
      "name": "workstation-external-ip",
      "provider": "provider.http",
      "instances": [
        {
          "schema_version": 0,
          "attributes": {
            "body": "37.142.14.162\n",
            "id": "2019-12-11 14:03:14.799225252 +0000 UTC",
            "request_headers": null,
            "url": "http://ipv4.icanhazip.com"
          }
        }
      ]
    },
    {
      "mode": "managed",
      "type": "aws_eks_cluster",
      "name": "demo",
      "provider": "provider.aws",
      "instances": [
        {
          "schema_version": 0,
          "attributes": {
            "arn": "arn:aws:eks:us-west-2:384842694817:cluster/terraform-eks-demo",
            "certificate_authority": [
              {
                "data": "LS0tLS1CRUdJTiBDRVJUSUZJQ0FURS0tLS0tCk1JSUN5RENDQWJDZ0F3SUJBZ0lCQURBTkJna3Foa2lHOXcwQkFRc0ZBREFWTVJNd0VRWURWUVFERXdwcmRXSmwKY201bGRHVnpNQjRYRFRFNU1USXhNVEUwTVRFME9Gb1hEVEk1TVRJd09ERTBNVEUwT0Zvd0ZURVRNQkVHQTFVRQpBeE1LYTNWaVpYSnVaWFJsY3pDQ0FTSXdEUVlKS29aSWh2Y05BUUVCQlFBRGdnRVBBRENDQVFvQ2dnRUJBTUJyCmJRMnhla3kzRkQzS2lWV0llR1k2RVNhUDFSMjV3U2xDWXJuRUlLQUh4S3JVU3VxVnBwUThEUWVMVmNkaUp1Nm8KeFlBTWpTUmtNaUZyMFpsN0ZrMWZqeWtNd0VRMmJUbEJKOWl1RG5Hb0kxeWVXZkNYWFNHUjNpNzRjbUNvcmlQSQpWQVhXNm4xODBvK3RiRGR5NGxKZEVBY0x0ZWJIdUR1R1Y2MzN3QTh5ek9WaTVuUXZZUjNSQUV5bW1mbHFLZFc0CkpTNDcvVDQ0cGV1OG9QaXFTNUpkalRBb3hzVXhaSXlLT2I1SGlWWWViUEl4S0I5bG9DTE9RSHFQb0dSS3BYN3IKSDJleUMxVjRySUFObDdQWVZnVjZvWkFVdG5WbEpCbEtZR1ZkaUg1dFRCaEYrQ3hpK3QrQjF2SGlOMENoeEJJUgpHaTcwZWxldVprY1FzRUo2S1IwQ0F3RUFBYU1qTUNFd0RnWURWUjBQQVFIL0JBUURBZ0trTUE4R0ExVWRFd0VCCi93UUZNQU1CQWY4d0RRWUpLb1pJaHZjTkFRRUxCUUFEZ2dFQkFDZnlzR1o5L0hvTDF6WThMbzF4WDZHN1ZCWWkKbDBxNTEzaWY4RjRKY3V1MEJMdXU4UXVCR1FGOFd0LzhUaFE4MnBLRjNBdGxLODAwRmR4dFQ4eU5ld09xVE1ZTAovVkJ6VEpFSmFDa2NwUVN0K1VuMEtrdlE1SmZRcmtYSWhPQW1sM2UxN3RXbHVPU2JmVDlEZmxWY1BUZXVJQ0pMCnVNZWxETVdHMURBWTBSZ2FKOXNqSnZNM0w2eWRGMHZoWElaSDF4ZitWUUZ0RThBSG42TTltS0pNS2RRQXhPVFMKVVR1Uk80L1pXMWdNb1prZy9OSFhjT0dta0paREVjelhZR1VwdmNRb1UxSUtzaGpJQXpKNUM3SDdoTCtybzdpZAoyWmFyYlpDR0NYM1NRc2ZXTWdReDJzaWJCZmpmTXlEa1FPaUQrVHFMZ3hlNklwWHhJOGgxRWdYVHBBbz0KLS0tLS1FTkQgQ0VSVElGSUNBVEUtLS0tLQo="
              }
            ],
            "created_at": "2019-12-11 14:04:00 +0000 UTC",
            "enabled_cluster_log_types": null,
            "endpoint": "https://CC567AC76DEB689C40D3D8E025BF16B1.yl4.us-west-2.eks.amazonaws.com",
            "id": "terraform-eks-demo",
            "identity": [
              {
                "oidc": [
                  {
                    "issuer": "https://oidc.eks.us-west-2.amazonaws.com/id/CC567AC76DEB689C40D3D8E025BF16B1"
                  }
                ]
              }
            ],
            "name": "terraform-eks-demo",
            "platform_version": "eks.5",
            "role_arn": "arn:aws:iam::384842694817:role/terraform-eks-demo-cluster",
            "status": "ACTIVE",
            "tags": null,
            "timeouts": null,
            "version": "1.14",
            "vpc_config": [
              {
                "cluster_security_group_id": "sg-0f72c2bee53e9b759",
                "endpoint_private_access": false,
                "endpoint_public_access": true,
                "security_group_ids": [
                  "sg-0fd91540268f8e4a3"
                ],
                "subnet_ids": [
                  "subnet-043617d97bd38f524",
                  "subnet-0a01f90dc4dddd022"
                ],
                "vpc_id": "vpc-09a75279acd49c08b"
              }
            ]
          },
          "private": "eyJlMmJmYjczMC1lY2FhLTExZTYtOGY4OC0zNDM2M2JjN2M0YzAiOnsiY3JlYXRlIjoxODAwMDAwMDAwMDAwLCJkZWxldGUiOjkwMDAwMDAwMDAwMCwidXBkYXRlIjozNjAwMDAwMDAwMDAwfX0=",
          "depends_on": [
            "aws_iam_role.demo-cluster",
            "aws_iam_role_policy_attachment.demo-cluster-AmazonEKSClusterPolicy",
            "aws_iam_role_policy_attachment.demo-cluster-AmazonEKSServicePolicy",
            "aws_security_group.demo-cluster",
            "aws_subnet.demo"
          ]
        }
      ]
    },
    {
      "mode": "managed",
      "type": "aws_eks_node_group",
      "name": "demo",
      "provider": "provider.aws",
      "instances": [
        {
          "schema_version": 0,
          "attributes": {
            "ami_type": "AL2_x86_64",
            "arn": "arn:aws:eks:us-west-2:384842694817:nodegroup/terraform-eks-demo/demo/4ab77aa8-3691-21f1-d1af-0c30924bd90a",
            "cluster_name": "terraform-eks-demo",
            "disk_size": 20,
            "id": "terraform-eks-demo:demo",
            "instance_types": [
              "t3.medium"
            ],
            "labels": null,
            "node_group_name": "demo",
            "node_role_arn": "arn:aws:iam::384842694817:role/terraform-eks-demo-node",
            "release_version": "1.14.7-20190927",
            "remote_access": [],
            "resources": [
              {
                "autoscaling_groups": [
                  {
                    "name": "eks-4ab77aa8-3691-21f1-d1af-0c30924bd90a"
                  }
                ],
                "remote_access_security_group_id": ""
              }
            ],
            "scaling_config": [
              {
                "desired_size": 1,
                "max_size": 1,
                "min_size": 1
              }
            ],
            "status": "ACTIVE",
            "subnet_ids": [
              "subnet-043617d97bd38f524",
              "subnet-0a01f90dc4dddd022"
            ],
            "tags": null,
            "timeouts": null,
            "version": "1.14"
          },
          "private": "eyJlMmJmYjczMC1lY2FhLTExZTYtOGY4OC0zNDM2M2JjN2M0YzAiOnsiY3JlYXRlIjozNjAwMDAwMDAwMDAwLCJkZWxldGUiOjM2MDAwMDAwMDAwMDAsInVwZGF0ZSI6MzYwMDAwMDAwMDAwMH19",
          "depends_on": [
            "aws_eks_cluster.demo",
            "aws_iam_role.demo-node",
            "aws_iam_role_policy_attachment.demo-node-AmazonEC2ContainerRegistryReadOnly",
            "aws_iam_role_policy_attachment.demo-node-AmazonEKSWorkerNodePolicy",
            "aws_iam_role_policy_attachment.demo-node-AmazonEKS_CNI_Policy",
            "aws_subnet.demo"
          ]
        }
      ]
    },
    {
      "mode": "managed",
      "type": "aws_iam_role",
      "name": "demo-cluster",
      "provider": "provider.aws",
      "instances": [
        {
          "schema_version": 0,
          "attributes": {
            "arn": "arn:aws:iam::384842694817:role/terraform-eks-demo-cluster",
            "assume_role_policy": "{\"Version\":\"2012-10-17\",\"Statement\":[{\"Effect\":\"Allow\",\"Principal\":{\"Service\":\"eks.amazonaws.com\"},\"Action\":\"sts:AssumeRole\"}]}",
            "create_date": "2019-12-11T14:03:34Z",
            "description": "",
            "force_detach_policies": false,
            "id": "terraform-eks-demo-cluster",
            "max_session_duration": 3600,
            "name": "terraform-eks-demo-cluster",
            "name_prefix": null,
            "path": "/",
            "permissions_boundary": null,
            "tags": null,
            "unique_id": "AROAVTGTJQCQ74MEFIO5J"
          },
          "private": "bnVsbA=="
        }
      ]
    },
    {
      "mode": "managed",
      "type": "aws_iam_role",
      "name": "demo-node",
      "provider": "provider.aws",
      "instances": [
        {
          "schema_version": 0,
          "attributes": {
            "arn": "arn:aws:iam::384842694817:role/terraform-eks-demo-node",
            "assume_role_policy": "{\"Version\":\"2012-10-17\",\"Statement\":[{\"Effect\":\"Allow\",\"Principal\":{\"Service\":\"ec2.amazonaws.com\"},\"Action\":\"sts:AssumeRole\"}]}",
            "create_date": "2019-12-11T14:03:34Z",
            "description": "",
            "force_detach_policies": false,
            "id": "terraform-eks-demo-node",
            "max_session_duration": 3600,
            "name": "terraform-eks-demo-node",
            "name_prefix": null,
            "path": "/",
            "permissions_boundary": null,
            "tags": null,
            "unique_id": "AROAVTGTJQCQ5GSX6O3IM"
          },
          "private": "bnVsbA=="
        }
      ]
    },
    {
      "mode": "managed",
      "type": "aws_iam_role_policy_attachment",
      "name": "demo-cluster-AmazonEKSClusterPolicy",
      "provider": "provider.aws",
      "instances": [
        {
          "schema_version": 0,
          "attributes": {
            "id": "terraform-eks-demo-cluster-20191211140336259400000004",
            "policy_arn": "arn:aws:iam::aws:policy/AmazonEKSClusterPolicy",
            "role": "terraform-eks-demo-cluster"
          },
          "private": "bnVsbA==",
          "depends_on": [
            "aws_iam_role.demo-cluster"
          ]
        }
      ]
    },
    {
      "mode": "managed",
      "type": "aws_iam_role_policy_attachment",
      "name": "demo-cluster-AmazonEKSServicePolicy",
      "provider": "provider.aws",
      "instances": [
        {
          "schema_version": 0,
          "attributes": {
            "id": "terraform-eks-demo-cluster-20191211140336271500000005",
            "policy_arn": "arn:aws:iam::aws:policy/AmazonEKSServicePolicy",
            "role": "terraform-eks-demo-cluster"
          },
          "private": "bnVsbA==",
          "depends_on": [
            "aws_iam_role.demo-cluster"
          ]
        }
      ]
    },
    {
      "mode": "managed",
      "type": "aws_iam_role_policy_attachment",
      "name": "demo-node-AmazonEC2ContainerRegistryReadOnly",
      "provider": "provider.aws",
      "instances": [
        {
          "schema_version": 0,
          "attributes": {
            "id": "terraform-eks-demo-node-20191211140336248800000002",
            "policy_arn": "arn:aws:iam::aws:policy/AmazonEC2ContainerRegistryReadOnly",
            "role": "terraform-eks-demo-node"
          },
          "private": "bnVsbA==",
          "depends_on": [
            "aws_iam_role.demo-node"
          ]
        }
      ]
    },
    {
      "mode": "managed",
      "type": "aws_iam_role_policy_attachment",
      "name": "demo-node-AmazonEKSWorkerNodePolicy",
      "provider": "provider.aws",
      "instances": [
        {
          "schema_version": 0,
          "attributes": {
            "id": "terraform-eks-demo-node-20191211140336249000000003",
            "policy_arn": "arn:aws:iam::aws:policy/AmazonEKSWorkerNodePolicy",
            "role": "terraform-eks-demo-node"
          },
          "private": "bnVsbA==",
          "depends_on": [
            "aws_iam_role.demo-node"
          ]
        }
      ]
    },
    {
      "mode": "managed",
      "type": "aws_iam_role_policy_attachment",
      "name": "demo-node-AmazonEKS_CNI_Policy",
      "provider": "provider.aws",
      "instances": [
        {
          "schema_version": 0,
          "attributes": {
            "id": "terraform-eks-demo-node-20191211140336247600000001",
            "policy_arn": "arn:aws:iam::aws:policy/AmazonEKS_CNI_Policy",
            "role": "terraform-eks-demo-node"
          },
          "private": "bnVsbA==",
          "depends_on": [
            "aws_iam_role.demo-node"
          ]
        }
      ]
    },
    {
      "mode": "managed",
      "type": "aws_internet_gateway",
      "name": "demo",
      "provider": "provider.aws",
      "instances": [
        {
          "schema_version": 0,
          "attributes": {
            "id": "igw-0bc3e364ac5661c13",
            "owner_id": "384842694817",
            "tags": {
              "Name": "terraform-eks-demo"
            },
            "vpc_id": "vpc-09a75279acd49c08b"
          },
          "private": "bnVsbA==",
          "depends_on": [
            "aws_vpc.demo"
          ]
        }
      ]
    },
    {
      "mode": "managed",
      "type": "aws_route_table",
      "name": "demo",
      "provider": "provider.aws",
      "instances": [
        {
          "schema_version": 0,
          "attributes": {
            "id": "rtb-08dd1ef6362198364",
            "owner_id": "384842694817",
            "propagating_vgws": [],
            "route": [
              {
                "cidr_block": "0.0.0.0/0",
                "egress_only_gateway_id": "",
                "gateway_id": "igw-0bc3e364ac5661c13",
                "instance_id": "",
                "ipv6_cidr_block": "",
                "nat_gateway_id": "",
                "network_interface_id": "",
                "transit_gateway_id": "",
                "vpc_peering_connection_id": ""
              }
            ],
            "tags": null,
            "vpc_id": "vpc-09a75279acd49c08b"
          },
          "private": "bnVsbA==",
          "depends_on": [
            "aws_internet_gateway.demo",
            "aws_vpc.demo"
          ]
        }
      ]
    },
    {
      "mode": "managed",
      "type": "aws_route_table_association",
      "name": "demo",
      "each": "list",
      "provider": "provider.aws",
      "instances": [
        {
          "index_key": 0,
          "schema_version": 0,
          "attributes": {
            "gateway_id": null,
            "id": "rtbassoc-0c0d64ae3969fdca1",
            "route_table_id": "rtb-08dd1ef6362198364",
            "subnet_id": "subnet-043617d97bd38f524"
          },
          "private": "bnVsbA==",
          "depends_on": [
            "aws_route_table.demo",
            "aws_subnet.demo"
          ]
        },
        {
          "index_key": 1,
          "schema_version": 0,
          "attributes": {
            "gateway_id": null,
            "id": "rtbassoc-02bca827ca2a427fd",
            "route_table_id": "rtb-08dd1ef6362198364",
            "subnet_id": "subnet-0a01f90dc4dddd022"
          },
          "private": "bnVsbA==",
          "depends_on": [
            "aws_route_table.demo",
            "aws_subnet.demo"
          ]
        }
      ]
    },
    {
      "mode": "managed",
      "type": "aws_security_group",
      "name": "demo-cluster",
      "provider": "provider.aws",
      "instances": [
        {
          "schema_version": 1,
          "attributes": {
            "arn": "arn:aws:ec2:us-west-2:384842694817:security-group/sg-0fd91540268f8e4a3",
            "description": "Cluster communication with worker nodes",
            "egress": [
              {
                "cidr_blocks": [
                  "0.0.0.0/0"
                ],
                "description": "",
                "from_port": 0,
                "ipv6_cidr_blocks": [],
                "prefix_list_ids": [],
                "protocol": "-1",
                "security_groups": [],
                "self": false,
                "to_port": 0
              }
            ],
            "id": "sg-0fd91540268f8e4a3",
            "ingress": [],
            "name": "terraform-eks-demo-cluster",
            "name_prefix": null,
            "owner_id": "384842694817",
            "revoke_rules_on_delete": false,
            "tags": {
              "Name": "terraform-eks-demo"
            },
            "timeouts": null,
            "vpc_id": "vpc-09a75279acd49c08b"
          },
          "private": "eyJlMmJmYjczMC1lY2FhLTExZTYtOGY4OC0zNDM2M2JjN2M0YzAiOnsiY3JlYXRlIjo2MDAwMDAwMDAwMDAsImRlbGV0ZSI6NjAwMDAwMDAwMDAwfSwic2NoZW1hX3ZlcnNpb24iOiIxIn0=",
          "depends_on": [
            "aws_vpc.demo"
          ]
        }
      ]
    },
    {
      "mode": "managed",
      "type": "aws_security_group_rule",
      "name": "demo-cluster-ingress-workstation-https",
      "provider": "provider.aws",
      "instances": [
        {
          "schema_version": 2,
          "attributes": {
            "cidr_blocks": [
              "37.142.14.162/32"
            ],
            "description": "Allow workstation to communicate with the cluster API Server",
            "from_port": 443,
            "id": "sgrule-855090286",
            "ipv6_cidr_blocks": null,
            "prefix_list_ids": null,
            "protocol": "tcp",
            "security_group_id": "sg-0fd91540268f8e4a3",
            "self": false,
            "source_security_group_id": null,
            "to_port": 443,
            "type": "ingress"
          },
          "private": "eyJzY2hlbWFfdmVyc2lvbiI6IjIifQ==",
          "depends_on": [
            "aws_security_group.demo-cluster"
          ]
        }
      ]
    },
    {
      "mode": "managed",
      "type": "aws_subnet",
      "name": "demo",
      "each": "list",
      "provider": "provider.aws",
      "instances": [
        {
          "index_key": 0,
          "schema_version": 1,
          "attributes": {
            "arn": "arn:aws:ec2:us-west-2:384842694817:subnet/subnet-043617d97bd38f524",
            "assign_ipv6_address_on_creation": false,
            "availability_zone": "us-west-2a",
            "availability_zone_id": "usw2-az1",
            "cidr_block": "10.0.0.0/24",
            "id": "subnet-043617d97bd38f524",
            "ipv6_cidr_block": "",
            "ipv6_cidr_block_association_id": "",
            "map_public_ip_on_launch": false,
            "owner_id": "384842694817",
            "tags": {
              "Name": "terraform-eks-demo-node",
              "kubernetes.io/cluster/terraform-eks-demo": "shared"
            },
            "timeouts": null,
            "vpc_id": "vpc-09a75279acd49c08b"
          },
          "private": "eyJlMmJmYjczMC1lY2FhLTExZTYtOGY4OC0zNDM2M2JjN2M0YzAiOnsiY3JlYXRlIjo2MDAwMDAwMDAwMDAsImRlbGV0ZSI6MTIwMDAwMDAwMDAwMH0sInNjaGVtYV92ZXJzaW9uIjoiMSJ9",
          "depends_on": [
            "aws_vpc.demo",
            "data.aws_availability_zones.available"
          ]
        },
        {
          "index_key": 1,
          "schema_version": 1,
          "attributes": {
            "arn": "arn:aws:ec2:us-west-2:384842694817:subnet/subnet-0a01f90dc4dddd022",
            "assign_ipv6_address_on_creation": false,
            "availability_zone": "us-west-2b",
            "availability_zone_id": "usw2-az2",
            "cidr_block": "10.0.1.0/24",
            "id": "subnet-0a01f90dc4dddd022",
            "ipv6_cidr_block": "",
            "ipv6_cidr_block_association_id": "",
            "map_public_ip_on_launch": false,
            "owner_id": "384842694817",
            "tags": {
              "Name": "terraform-eks-demo-node",
              "kubernetes.io/cluster/terraform-eks-demo": "shared"
            },
            "timeouts": null,
            "vpc_id": "vpc-09a75279acd49c08b"
          },
          "private": "eyJlMmJmYjczMC1lY2FhLTExZTYtOGY4OC0zNDM2M2JjN2M0YzAiOnsiY3JlYXRlIjo2MDAwMDAwMDAwMDAsImRlbGV0ZSI6MTIwMDAwMDAwMDAwMH0sInNjaGVtYV92ZXJzaW9uIjoiMSJ9",
          "depends_on": [
            "aws_vpc.demo",
            "data.aws_availability_zones.available"
          ]
        }
      ]
    },
    {
      "mode": "managed",
      "type": "aws_vpc",
      "name": "demo",
      "provider": "provider.aws",
      "instances": [
        {
          "schema_version": 1,
          "attributes": {
            "arn": "arn:aws:ec2:us-west-2:384842694817:vpc/vpc-09a75279acd49c08b",
            "assign_generated_ipv6_cidr_block": false,
            "cidr_block": "10.0.0.0/16",
            "default_network_acl_id": "acl-0475501d9e772c5bf",
            "default_route_table_id": "rtb-016f026de30b63b62",
            "default_security_group_id": "sg-0b475f8a3444008c4",
            "dhcp_options_id": "dopt-8a1693f2",
            "enable_classiclink": false,
            "enable_classiclink_dns_support": false,
            "enable_dns_hostnames": false,
            "enable_dns_support": true,
            "id": "vpc-09a75279acd49c08b",
            "instance_tenancy": "default",
            "ipv6_association_id": "",
            "ipv6_cidr_block": "",
            "main_route_table_id": "rtb-016f026de30b63b62",
            "owner_id": "384842694817",
            "tags": {
              "Name": "terraform-eks-demo-node",
              "kubernetes.io/cluster/terraform-eks-demo": "shared"
            }
          },
          "private": "eyJzY2hlbWFfdmVyc2lvbiI6IjEifQ=="
        }
      ]
    }
  ]
}
